
Microsoft Visual Studio Solution File, Format Version 11.00
# Visual Studio 2010
Project("{FAE04EC0-301F-11D3-BF4B-00C04F79EFBC}") = "DialogDesign", "Assembly-CSharp.csproj", "{65D8EF42-FACB-4E49-3D9F-EACB5F84586F}"
EndProject
Project("{FAE04EC0-301F-11D3-BF4B-00C04F79EFBC}") = "DialogDesign", "Assembly-CSharp-Editor.csproj", "{7BE09CB8-EE79-87F4-04B3-8BC458AB1663}"
EndProject
Global
	GlobalSection(SolutionConfigurationPlatforms) = preSolution
		Debug|Any CPU = Debug|Any CPU
		Release|Any CPU = Release|Any CPU
	EndGlobalSection
	GlobalSection(ProjectConfigurationPlatforms) = postSolution
		{65D8EF42-FACB-4E49-3D9F-EACB5F84586F}.Debug|Any CPU.ActiveCfg = Debug|Any CPU
		{65D8EF42-FACB-4E49-3D9F-EACB5F84586F}.Debug|Any CPU.Build.0 = Debug|Any CPU
		{65D8EF42-FACB-4E49-3D9F-EACB5F84586F}.Release|Any CPU.ActiveCfg = Release|Any CPU
		{65D8EF42-FACB-4E49-3D9F-EACB5F84586F}.Release|Any CPU.Build.0 = Release|Any CPU
		{7BE09CB8-EE79-87F4-04B3-8BC458AB1663}.Debug|Any CPU.ActiveCfg = Debug|Any CPU
		{7BE09CB8-EE79-87F4-04B3-8BC458AB1663}.Debug|Any CPU.Build.0 = Debug|Any CPU
		{7BE09CB8-EE79-87F4-04B3-8BC458AB1663}.Release|Any CPU.ActiveCfg = Release|Any CPU
		{7BE09CB8-EE79-87F4-04B3-8BC458AB1663}.Release|Any CPU.Build.0 = Release|Any CPU
	EndGlobalSection
	GlobalSection(SolutionProperties) = preSolution
		HideSolutionNode = FALSE
	EndGlobalSection
	GlobalSection(MonoDevelopProperties) = preSolution
		StartupItem = Assembly-CSharp.csproj
	EndGlobalSection
EndGlobal
